
Microsoft Visual Studio Solution File, Format Version 12.00
Project("{FAE04EC0-301F-11D3-BF4B-00C04F79EFBC}") = "Gaev.Blog.Examples.SqlQueryLogger", "Gaev.Blog.Examples.SqlQueryLogger\Gaev.Blog.Examples.SqlQueryLogger.csproj", "{BD005016-C65B-4BDF-A87A-E275D45214CA}"
EndProject
Project("{FAE04EC0-301F-11D3-BF4B-00C04F79EFBC}") = "Gaev.Blog.Examples.WebhookTests", "Gaev.Blog.Examples.WebhookTests\Gaev.Blog.Examples.WebhookTests.csproj", "{21B703DF-D8A2-4A67-AC85-FFA25E6FAE44}"
EndProject
Project("{FAE04EC0-301F-11D3-BF4B-00C04F79EFBC}") = "Gaev.Blog.Examples.AsyncTaskThrottling", "Gaev.Blog.Examples.AsyncTaskThrottling\Gaev.Blog.Examples.AsyncTaskThrottling.csproj", "{6632D1AC-CA63-484E-BDA0-05F143EEB242}"
EndProject
Project("{FAE04EC0-301F-11D3-BF4B-00C04F79EFBC}") = "Gaev.Blog.Examples.SelfDocumentedApp", "Gaev.Blog.Examples.SelfDocumentedApp\Gaev.Blog.Examples.SelfDocumentedApp.csproj", "{34A7B3AE-5110-4305-A6CF-815E9D98C017}"
EndProject
Project("{FAE04EC0-301F-11D3-BF4B-00C04F79EFBC}") = "Gaev.Blog.Examples.ExceptionCustomData", "Gaev.Blog.Examples.ExceptionCustomData\Gaev.Blog.Examples.ExceptionCustomData.csproj", "{1AC06AD0-0262-4458-B02A-DA9024F2B3E2}"
EndProject
Project("{FAE04EC0-301F-11D3-BF4B-00C04F79EFBC}") = "Gaev.Blog.Examples.SelfDocumentedFSM", "Gaev.Blog.Examples.SelfDocumentedFSM\Gaev.Blog.Examples.SelfDocumentedFSM.csproj", "{6A90E772-99F0-431F-9132-72CA914382B5}"
EndProject
Project("{FAE04EC0-301F-11D3-BF4B-00C04F79EFBC}") = "Gaev.Blog.Examples.StateViaEF", "Gaev.Blog.Examples.StateViaEF\Gaev.Blog.Examples.StateViaEF.csproj", "{55C9A0A7-7E78-44FA-92E7-1CD9F4CC80C4}"
EndProject
Project("{FAE04EC0-301F-11D3-BF4B-00C04F79EFBC}") = "Gaev.Blog.Examples.GoogleAlert", "Gaev.Blog.Examples.GoogleAlert\Gaev.Blog.Examples.GoogleAlert.csproj", "{837A3917-959F-49DC-BAD7-03BFA3F6F32D}"
EndProject
Project("{FAE04EC0-301F-11D3-BF4B-00C04F79EFBC}") = "Gaev.Blog.Examples.FunnyTestCases", "Gaev.Blog.Examples.FunnyTestCases\Gaev.Blog.Examples.FunnyTestCases.csproj", "{6368C84E-9009-47F9-964E-F9B3B12F64C5}"
EndProject
Project("{FAE04EC0-301F-11D3-BF4B-00C04F79EFBC}") = "Gaev.Blog.Examples.TransactionScopeFailure", "Gaev.Blog.Examples.TransactionScopeFailure\Gaev.Blog.Examples.TransactionScopeFailure.csproj", "{DC29DA90-8A6E-48E1-BFD3-0527788B5498}"
EndProject
Project("{FAE04EC0-301F-11D3-BF4B-00C04F79EFBC}") = "Gaev.Blog.Examples.HelloSshDeploy", "Gaev.Blog.Examples.HelloSshDeploy\Gaev.Blog.Examples.HelloSshDeploy.csproj", "{CD584797-828B-4217-9581-40D9B8D8FDFA}"
EndProject
Project("{FAE04EC0-301F-11D3-BF4B-00C04F79EFBC}") = "Gaev.Blog.Examples.SqlQueue", "Gaev.Blog.Examples.SqlQueue\Gaev.Blog.Examples.SqlQueue.csproj", "{ADAFF4C9-05D6-4E29-BD59-A134BCD68DBD}"
EndProject
Project("{FAE04EC0-301F-11D3-BF4B-00C04F79EFBC}") = "Gaev.Blog.Examples.ScriptInString", "Gaev.Blog.Examples.ScriptInString\Gaev.Blog.Examples.ScriptInString.csproj", "{C2F4CD54-6F64-4CDA-AD8E-F5EC9FBCE800}"
EndProject
Project("{FAE04EC0-301F-11D3-BF4B-00C04F79EFBC}") = "Gaev.Blog.Examples.KeybaseSignIn", "Gaev.Blog.Examples.KeybaseSignIn\Gaev.Blog.Examples.KeybaseSignIn.csproj", "{FBFB55B2-4911-42A5-825D-F103E6016036}"
EndProject
Project("{FAE04EC0-301F-11D3-BF4B-00C04F79EFBC}") = "Gaev.Blog.Examples.SerializationTests", "Gaev.Blog.Examples.SerializationTests\Gaev.Blog.Examples.SerializationTests.csproj", "{CED62EC3-C199-4124-9A68-83D5349F5FDA}"
EndProject
Project("{FAE04EC0-301F-11D3-BF4B-00C04F79EFBC}") = "Gaev.Blog.Examples.WarmUpAspNetMvc", "Gaev.Blog.Examples.WarmUpAspNetMvc\Gaev.Blog.Examples.WarmUpAspNetMvc.csproj", "{4719104E-93C8-47B9-B78C-E8E040E945E1}"
EndProject
Project("{FAE04EC0-301F-11D3-BF4B-00C04F79EFBC}") = "Gaev.Blog.Examples.OrderOfEnumValues", "Gaev.Blog.Examples.OrderOfEnumValues\Gaev.Blog.Examples.OrderOfEnumValues.csproj", "{412E304B-3601-4C3D-BA14-5670EFC836AD}"
EndProject
Global
	GlobalSection(SolutionConfigurationPlatforms) = preSolution
		Debug|Any CPU = Debug|Any CPU
		Release|Any CPU = Release|Any CPU
	EndGlobalSection
	GlobalSection(ProjectConfigurationPlatforms) = postSolution
		{BD005016-C65B-4BDF-A87A-E275D45214CA}.Debug|Any CPU.ActiveCfg = Debug|Any CPU
		{BD005016-C65B-4BDF-A87A-E275D45214CA}.Debug|Any CPU.Build.0 = Debug|Any CPU
		{BD005016-C65B-4BDF-A87A-E275D45214CA}.Release|Any CPU.ActiveCfg = Release|Any CPU
		{BD005016-C65B-4BDF-A87A-E275D45214CA}.Release|Any CPU.Build.0 = Release|Any CPU
		{21B703DF-D8A2-4A67-AC85-FFA25E6FAE44}.Debug|Any CPU.ActiveCfg = Debug|Any CPU
		{21B703DF-D8A2-4A67-AC85-FFA25E6FAE44}.Debug|Any CPU.Build.0 = Debug|Any CPU
		{21B703DF-D8A2-4A67-AC85-FFA25E6FAE44}.Release|Any CPU.ActiveCfg = Release|Any CPU
		{21B703DF-D8A2-4A67-AC85-FFA25E6FAE44}.Release|Any CPU.Build.0 = Release|Any CPU
		{6632D1AC-CA63-484E-BDA0-05F143EEB242}.Debug|Any CPU.ActiveCfg = Debug|Any CPU
		{6632D1AC-CA63-484E-BDA0-05F143EEB242}.Debug|Any CPU.Build.0 = Debug|Any CPU
		{6632D1AC-CA63-484E-BDA0-05F143EEB242}.Release|Any CPU.ActiveCfg = Release|Any CPU
		{6632D1AC-CA63-484E-BDA0-05F143EEB242}.Release|Any CPU.Build.0 = Release|Any CPU
		{34A7B3AE-5110-4305-A6CF-815E9D98C017}.Debug|Any CPU.ActiveCfg = Debug|Any CPU
		{34A7B3AE-5110-4305-A6CF-815E9D98C017}.Debug|Any CPU.Build.0 = Debug|Any CPU
		{34A7B3AE-5110-4305-A6CF-815E9D98C017}.Release|Any CPU.ActiveCfg = Release|Any CPU
		{34A7B3AE-5110-4305-A6CF-815E9D98C017}.Release|Any CPU.Build.0 = Release|Any CPU
		{1AC06AD0-0262-4458-B02A-DA9024F2B3E2}.Debug|Any CPU.ActiveCfg = Debug|Any CPU
		{1AC06AD0-0262-4458-B02A-DA9024F2B3E2}.Debug|Any CPU.Build.0 = Debug|Any CPU
		{1AC06AD0-0262-4458-B02A-DA9024F2B3E2}.Release|Any CPU.ActiveCfg = Release|Any CPU
		{1AC06AD0-0262-4458-B02A-DA9024F2B3E2}.Release|Any CPU.Build.0 = Release|Any CPU
		{6A90E772-99F0-431F-9132-72CA914382B5}.Debug|Any CPU.ActiveCfg = Debug|Any CPU
		{6A90E772-99F0-431F-9132-72CA914382B5}.Debug|Any CPU.Build.0 = Debug|Any CPU
		{6A90E772-99F0-431F-9132-72CA914382B5}.Release|Any CPU.ActiveCfg = Release|Any CPU
		{6A90E772-99F0-431F-9132-72CA914382B5}.Release|Any CPU.Build.0 = Release|Any CPU
		{55C9A0A7-7E78-44FA-92E7-1CD9F4CC80C4}.Debug|Any CPU.ActiveCfg = Debug|Any CPU
		{55C9A0A7-7E78-44FA-92E7-1CD9F4CC80C4}.Debug|Any CPU.Build.0 = Debug|Any CPU
		{55C9A0A7-7E78-44FA-92E7-1CD9F4CC80C4}.Release|Any CPU.ActiveCfg = Release|Any CPU
		{55C9A0A7-7E78-44FA-92E7-1CD9F4CC80C4}.Release|Any CPU.Build.0 = Release|Any CPU
		{837A3917-959F-49DC-BAD7-03BFA3F6F32D}.Debug|Any CPU.ActiveCfg = Debug|Any CPU
		{837A3917-959F-49DC-BAD7-03BFA3F6F32D}.Debug|Any CPU.Build.0 = Debug|Any CPU
		{837A3917-959F-49DC-BAD7-03BFA3F6F32D}.Release|Any CPU.ActiveCfg = Release|Any CPU
		{837A3917-959F-49DC-BAD7-03BFA3F6F32D}.Release|Any CPU.Build.0 = Release|Any CPU
		{6368C84E-9009-47F9-964E-F9B3B12F64C5}.Debug|Any CPU.ActiveCfg = Debug|Any CPU
		{6368C84E-9009-47F9-964E-F9B3B12F64C5}.Debug|Any CPU.Build.0 = Debug|Any CPU
		{6368C84E-9009-47F9-964E-F9B3B12F64C5}.Release|Any CPU.ActiveCfg = Release|Any CPU
		{6368C84E-9009-47F9-964E-F9B3B12F64C5}.Release|Any CPU.Build.0 = Release|Any CPU
		{DC29DA90-8A6E-48E1-BFD3-0527788B5498}.Debug|Any CPU.ActiveCfg = Debug|Any CPU
		{DC29DA90-8A6E-48E1-BFD3-0527788B5498}.Debug|Any CPU.Build.0 = Debug|Any CPU
		{DC29DA90-8A6E-48E1-BFD3-0527788B5498}.Release|Any CPU.ActiveCfg = Release|Any CPU
		{DC29DA90-8A6E-48E1-BFD3-0527788B5498}.Release|Any CPU.Build.0 = Release|Any CPU
		{CD584797-828B-4217-9581-40D9B8D8FDFA}.Debug|Any CPU.ActiveCfg = Debug|Any CPU
		{CD584797-828B-4217-9581-40D9B8D8FDFA}.Debug|Any CPU.Build.0 = Debug|Any CPU
		{CD584797-828B-4217-9581-40D9B8D8FDFA}.Release|Any CPU.ActiveCfg = Release|Any CPU
		{CD584797-828B-4217-9581-40D9B8D8FDFA}.Release|Any CPU.Build.0 = Release|Any CPU
		{ADAFF4C9-05D6-4E29-BD59-A134BCD68DBD}.Debug|Any CPU.ActiveCfg = Debug|Any CPU
		{ADAFF4C9-05D6-4E29-BD59-A134BCD68DBD}.Debug|Any CPU.Build.0 = Debug|Any CPU
		{ADAFF4C9-05D6-4E29-BD59-A134BCD68DBD}.Release|Any CPU.ActiveCfg = Release|Any CPU
		{ADAFF4C9-05D6-4E29-BD59-A134BCD68DBD}.Release|Any CPU.Build.0 = Release|Any CPU
		{C2F4CD54-6F64-4CDA-AD8E-F5EC9FBCE800}.Debug|Any CPU.ActiveCfg = Debug|Any CPU
		{C2F4CD54-6F64-4CDA-AD8E-F5EC9FBCE800}.Debug|Any CPU.Build.0 = Debug|Any CPU
		{C2F4CD54-6F64-4CDA-AD8E-F5EC9FBCE800}.Release|Any CPU.ActiveCfg = Release|Any CPU
		{C2F4CD54-6F64-4CDA-AD8E-F5EC9FBCE800}.Release|Any CPU.Build.0 = Release|Any CPU
		{FBFB55B2-4911-42A5-825D-F103E6016036}.Debug|Any CPU.ActiveCfg = Debug|Any CPU
		{FBFB55B2-4911-42A5-825D-F103E6016036}.Debug|Any CPU.Build.0 = Debug|Any CPU
		{FBFB55B2-4911-42A5-825D-F103E6016036}.Release|Any CPU.ActiveCfg = Release|Any CPU
		{FBFB55B2-4911-42A5-825D-F103E6016036}.Release|Any CPU.Build.0 = Release|Any CPU
		{CED62EC3-C199-4124-9A68-83D5349F5FDA}.Debug|Any CPU.ActiveCfg = Debug|Any CPU
		{CED62EC3-C199-4124-9A68-83D5349F5FDA}.Debug|Any CPU.Build.0 = Debug|Any CPU
		{CED62EC3-C199-4124-9A68-83D5349F5FDA}.Release|Any CPU.ActiveCfg = Release|Any CPU
		{CED62EC3-C199-4124-9A68-83D5349F5FDA}.Release|Any CPU.Build.0 = Release|Any CPU
		{4719104E-93C8-47B9-B78C-E8E040E945E1}.Debug|Any CPU.ActiveCfg = Debug|Any CPU
		{4719104E-93C8-47B9-B78C-E8E040E945E1}.Debug|Any CPU.Build.0 = Debug|Any CPU
		{4719104E-93C8-47B9-B78C-E8E040E945E1}.Release|Any CPU.ActiveCfg = Release|Any CPU
		{4719104E-93C8-47B9-B78C-E8E040E945E1}.Release|Any CPU.Build.0 = Release|Any CPU
		{412E304B-3601-4C3D-BA14-5670EFC836AD}.Debug|Any CPU.ActiveCfg = Debug|Any CPU
		{412E304B-3601-4C3D-BA14-5670EFC836AD}.Debug|Any CPU.Build.0 = Debug|Any CPU
		{412E304B-3601-4C3D-BA14-5670EFC836AD}.Release|Any CPU.ActiveCfg = Release|Any CPU
		{412E304B-3601-4C3D-BA14-5670EFC836AD}.Release|Any CPU.Build.0 = Release|Any CPU
	EndGlobalSection
EndGlobal
