
Microsoft Visual Studio Solution File, Format Version 12.00
Project("{FAE04EC0-301F-11D3-BF4B-00C04F79EFBC}") = "Gaev.Blog.Examples.SqlQueryLogger", "Gaev.Blog.Examples.SqlQueryLogger\Gaev.Blog.Examples.SqlQueryLogger.csproj", "{BD005016-C65B-4BDF-A87A-E275D45214CA}"
EndProject
Project("{FAE04EC0-301F-11D3-BF4B-00C04F79EFBC}") = "Gaev.Blog.Examples.WebhookTests", "Gaev.Blog.Examples.WebhookTests\Gaev.Blog.Examples.WebhookTests.csproj", "{21B703DF-D8A2-4A67-AC85-FFA25E6FAE44}"
EndProject
Project("{FAE04EC0-301F-11D3-BF4B-00C04F79EFBC}") = "Gaev.Blog.Examples.AsyncTaskThrottling", "Gaev.Blog.Examples.AsyncTaskThrottling\Gaev.Blog.Examples.AsyncTaskThrottling.csproj", "{6632D1AC-CA63-484E-BDA0-05F143EEB242}"
EndProject
Project("{FAE04EC0-301F-11D3-BF4B-00C04F79EFBC}") = "Gaev.Blog.Examples.SelfDocumentedApp", "Gaev.Blog.Examples.SelfDocumentedApp\Gaev.Blog.Examples.SelfDocumentedApp.csproj", "{34A7B3AE-5110-4305-A6CF-815E9D98C017}"
EndProject
Project("{FAE04EC0-301F-11D3-BF4B-00C04F79EFBC}") = "Gaev.Blog.Examples.ExceptionCustomData", "Gaev.Blog.Examples.ExceptionCustomData\Gaev.Blog.Examples.ExceptionCustomData.csproj", "{1AC06AD0-0262-4458-B02A-DA9024F2B3E2}"
EndProject
Project("{FAE04EC0-301F-11D3-BF4B-00C04F79EFBC}") = "Gaev.Blog.Examples.SelfDocumentedFSM", "Gaev.Blog.Examples.SelfDocumentedFSM\Gaev.Blog.Examples.SelfDocumentedFSM.csproj", "{6A90E772-99F0-431F-9132-72CA914382B5}"
EndProject
Project("{FAE04EC0-301F-11D3-BF4B-00C04F79EFBC}") = "Gaev.Blog.Examples.StateViaEF", "Gaev.Blog.Examples.StateViaEF\Gaev.Blog.Examples.StateViaEF.csproj", "{55C9A0A7-7E78-44FA-92E7-1CD9F4CC80C4}"
EndProject
Project("{FAE04EC0-301F-11D3-BF4B-00C04F79EFBC}") = "Gaev.Blog.Examples.GoogleAlert", "Gaev.Blog.Examples.GoogleAlert\Gaev.Blog.Examples.GoogleAlert.csproj", "{837A3917-959F-49DC-BAD7-03BFA3F6F32D}"
EndProject
Project("{FAE04EC0-301F-11D3-BF4B-00C04F79EFBC}") = "Gaev.Blog.Examples.FunnyTestCases", "Gaev.Blog.Examples.FunnyTestCases\Gaev.Blog.Examples.FunnyTestCases.csproj", "{6368C84E-9009-47F9-964E-F9B3B12F64C5}"
EndProject
Project("{FAE04EC0-301F-11D3-BF4B-00C04F79EFBC}") = "Gaev.Blog.Examples.TransactionScopeFailure", "Gaev.Blog.Examples.TransactionScopeFailure\Gaev.Blog.Examples.TransactionScopeFailure.csproj", "{DC29DA90-8A6E-48E1-BFD3-0527788B5498}"
EndProject
Project("{FAE04EC0-301F-11D3-BF4B-00C04F79EFBC}") = "Gaev.Blog.Examples.HelloSshDeploy", "Gaev.Blog.Examples.HelloSshDeploy\Gaev.Blog.Examples.HelloSshDeploy.csproj", "{CD584797-828B-4217-9581-40D9B8D8FDFA}"
EndProject
Project("{FAE04EC0-301F-11D3-BF4B-00C04F79EFBC}") = "Gaev.Blog.Examples.SqlQueue", "Gaev.Blog.Examples.SqlQueue\Gaev.Blog.Examples.SqlQueue.csproj", "{ADAFF4C9-05D6-4E29-BD59-A134BCD68DBD}"
EndProject
Project("{FAE04EC0-301F-11D3-BF4B-00C04F79EFBC}") = "Gaev.Blog.Examples.ScriptInString", "Gaev.Blog.Examples.ScriptInString\Gaev.Blog.Examples.ScriptInString.csproj", "{C2F4CD54-6F64-4CDA-AD8E-F5EC9FBCE800}"
EndProject
Project("{FAE04EC0-301F-11D3-BF4B-00C04F79EFBC}") = "Gaev.Blog.Examples.KeybaseSignIn", "Gaev.Blog.Examples.KeybaseSignIn\Gaev.Blog.Examples.KeybaseSignIn.csproj", "{FBFB55B2-4911-42A5-825D-F103E6016036}"
EndProject
Project("{FAE04EC0-301F-11D3-BF4B-00C04F79EFBC}") = "Gaev.Blog.Examples.SerializationTests", "Gaev.Blog.Examples.SerializationTests\Gaev.Blog.Examples.SerializationTests.csproj", "{CED62EC3-C199-4124-9A68-83D5349F5FDA}"
EndProject
Project("{FAE04EC0-301F-11D3-BF4B-00C04F79EFBC}") = "Gaev.Blog.Examples.WarmUpAspNetMvc", "Gaev.Blog.Examples.WarmUpAspNetMvc\Gaev.Blog.Examples.WarmUpAspNetMvc.csproj", "{4719104E-93C8-47B9-B78C-E8E040E945E1}"
EndProject
Project("{FAE04EC0-301F-11D3-BF4B-00C04F79EFBC}") = "Gaev.Blog.Examples.OrderOfEnumValues", "Gaev.Blog.Examples.OrderOfEnumValues\Gaev.Blog.Examples.OrderOfEnumValues.csproj", "{412E304B-3601-4C3D-BA14-5670EFC836AD}"
EndProject
Project("{FAE04EC0-301F-11D3-BF4B-00C04F79EFBC}") = "Gaev.Blog.Examples.Mocking", "Gaev.Blog.Examples.Mocking\Gaev.Blog.Examples.Mocking.csproj", "{DC585A8C-A3E9-43D3-9592-F4685B16759B}"
EndProject
Project("{FAE04EC0-301F-11D3-BF4B-00C04F79EFBC}") = "Gaev.Blog.Examples.MiniProfiler3Bug", "Gaev.Blog.Examples.MiniProfiler3Bug\Gaev.Blog.Examples.MiniProfiler3Bug.csproj", "{ACD0EFA6-8E0A-47E2-82DF-362AB75B2672}"
EndProject
Project("{FAE04EC0-301F-11D3-BF4B-00C04F79EFBC}") = "Gaev.Blog.Examples.FileReceiver", "Gaev.Blog.Examples.FileReceiver\Gaev.Blog.Examples.FileReceiver.csproj", "{607ED118-46B5-4275-A82C-B77A52A58244}"
EndProject
Project("{FAE04EC0-301F-11D3-BF4B-00C04F79EFBC}") = "Gaev.Blog.AzureServiceBusTaskScheduler", "Gaev.Blog.AzureServiceBusTaskScheduler\Gaev.Blog.AzureServiceBusTaskScheduler.csproj", "{F381480D-22A9-4803-A462-35EAE3631430}"
EndProject
Project("{FAE04EC0-301F-11D3-BF4B-00C04F79EFBC}") = "Gaev.Blog.SecuredAppSettingsJson", "Gaev.Blog.SecuredAppSettingsJson\Gaev.Blog.SecuredAppSettingsJson.csproj", "{B1B61018-BEBE-4ECC-85D3-5D4F2F603A5E}"
EndProject
Project("{FAE04EC0-301F-11D3-BF4B-00C04F79EFBC}") = "Gaev.Blog.Examples.EnumParsePitfall", "Gaev.Blog.Examples.EnumParsePitfall\Gaev.Blog.Examples.EnumParsePitfall.csproj", "{82D0EB29-6FD0-4D87-80B0-9071C375EFD8}"
EndProject
Project("{FAE04EC0-301F-11D3-BF4B-00C04F79EFBC}") = "Gaev.Blog.Examples.PiiTypes", "Gaev.Blog.Examples.PiiTypes\Gaev.Blog.Examples.PiiTypes.csproj", "{BEC66FC1-7D56-498F-BBCF-093B7A9A09CE}"
EndProject
Project("{FAE04EC0-301F-11D3-BF4B-00C04F79EFBC}") = "Gaev.Blog.Examples.ArchitectureTests", "Gaev.Blog.Examples.ArchitectureTests\Gaev.Blog.Examples.ArchitectureTests.csproj", "{56D2A190-5CBE-4DEF-8ED1-69A4C16A604D}"
EndProject
Project("{2150E333-8FDC-42A3-9474-1A3956D46DE8}") = "ArchitectureTestProjects", "ArchitectureTestProjects", "{6153E8EB-C48C-44C2-8B7B-6D94DFD338B6}"
EndProject
Project("{FAE04EC0-301F-11D3-BF4B-00C04F79EFBC}") = "Gaev.Alfa", "ArchitectureTestProjects\Gaev.Alfa\Gaev.Alfa.csproj", "{22F08D1A-C8F6-418A-B57D-8CBA93AD39ED}"
EndProject
Project("{FAE04EC0-301F-11D3-BF4B-00C04F79EFBC}") = "Gaev.Alfa.Api", "ArchitectureTestProjects\Gaev.Alfa.Api\Gaev.Alfa.Api.csproj", "{329EB0AF-90EE-46BA-A62E-8B714589B1FE}"
EndProject
Project("{FAE04EC0-301F-11D3-BF4B-00C04F79EFBC}") = "Gaev.Bravo", "ArchitectureTestProjects\Gaev.Bravo\Gaev.Bravo.csproj", "{B57EAA40-5B7E-4390-8B0C-2A4C4E92BC98}"
EndProject
Project("{FAE04EC0-301F-11D3-BF4B-00C04F79EFBC}") = "Gaev.Bravo.Api", "ArchitectureTestProjects\Gaev.Bravo.Api\Gaev.Bravo.Api.csproj", "{6739FCB8-4C55-4143-A834-A89079DEE8C3}"
EndProject
Project("{FAE04EC0-301F-11D3-BF4B-00C04F79EFBC}") = "Gaev.Charlie", "ArchitectureTestProjects\Gaev.Charlie\Gaev.Charlie.csproj", "{59DAFEE8-A0ED-46ED-A2EF-F9A5DF48C323}"
EndProject
Project("{FAE04EC0-301F-11D3-BF4B-00C04F79EFBC}") = "Gaev.Charlie.Api", "ArchitectureTestProjects\Gaev.Charlie.Api\Gaev.Charlie.Api.csproj", "{B7B5AF96-4D31-4C24-A394-FCBD6C4CEA38}"
EndProject
Project("{FAE04EC0-301F-11D3-BF4B-00C04F79EFBC}") = "Gaev.Shell", "ArchitectureTestProjects\Gaev.Shell\Gaev.Shell.csproj", "{6258FE9C-5A8A-43E3-9AC8-CBF31003CD57}"
EndProject
Project("{FAE04EC0-301F-11D3-BF4B-00C04F79EFBC}") = "Gaev.Blog.SecuredAppSettingsJson.AspNetCoreWebApi6", "Gaev.Blog.SecuredAppSettingsJson.AspNetCoreWebApi6\Gaev.Blog.SecuredAppSettingsJson.AspNetCoreWebApi6.csproj", "{C189483B-9CEB-4021-807B-2B3662E94A4E}"
EndProject
Project("{FAE04EC0-301F-11D3-BF4B-00C04F79EFBC}") = "Gaev.Blog.Sha256ForStream", "Gaev.Blog.Sha256ForStream\Gaev.Blog.Sha256ForStream.csproj", "{E85AA6D7-334B-4C46-AC03-E56DEDBDF299}"
EndProject
Project("{FAE04EC0-301F-11D3-BF4B-00C04F79EFBC}") = "Gaev.Blog.ParallelizableTests", "Gaev.Blog.ParallelizableTests\Gaev.Blog.ParallelizableTests.csproj", "{0B42967E-7C9C-4A9B-94F8-FAB447EE51FA}"
EndProject
Project("{FAE04EC0-301F-11D3-BF4B-00C04F79EFBC}") = "Gaev.Blog.EnumAsStringTrap", "Gaev.Blog.EnumAsStringTrap\Gaev.Blog.EnumAsStringTrap.csproj", "{A2D2F66B-EBE5-46CA-B157-554E34EF2EA9}"
EndProject
Project("{FAE04EC0-301F-11D3-BF4B-00C04F79EFBC}") = "Gaev.Blog.EnumFlags", "Gaev.Blog.EnumFlags\Gaev.Blog.EnumFlags.csproj", "{6F23458F-8E36-4602-8FFC-27F17C942B3B}"
EndProject
Global
	GlobalSection(SolutionConfigurationPlatforms) = preSolution
		Debug|Any CPU = Debug|Any CPU
		Release|Any CPU = Release|Any CPU
	EndGlobalSection
	GlobalSection(ProjectConfigurationPlatforms) = postSolution
		{BD005016-C65B-4BDF-A87A-E275D45214CA}.Debug|Any CPU.ActiveCfg = Debug|Any CPU
		{BD005016-C65B-4BDF-A87A-E275D45214CA}.Debug|Any CPU.Build.0 = Debug|Any CPU
		{BD005016-C65B-4BDF-A87A-E275D45214CA}.Release|Any CPU.ActiveCfg = Release|Any CPU
		{BD005016-C65B-4BDF-A87A-E275D45214CA}.Release|Any CPU.Build.0 = Release|Any CPU
		{21B703DF-D8A2-4A67-AC85-FFA25E6FAE44}.Debug|Any CPU.ActiveCfg = Debug|Any CPU
		{21B703DF-D8A2-4A67-AC85-FFA25E6FAE44}.Debug|Any CPU.Build.0 = Debug|Any CPU
		{21B703DF-D8A2-4A67-AC85-FFA25E6FAE44}.Release|Any CPU.ActiveCfg = Release|Any CPU
		{21B703DF-D8A2-4A67-AC85-FFA25E6FAE44}.Release|Any CPU.Build.0 = Release|Any CPU
		{6632D1AC-CA63-484E-BDA0-05F143EEB242}.Debug|Any CPU.ActiveCfg = Debug|Any CPU
		{6632D1AC-CA63-484E-BDA0-05F143EEB242}.Debug|Any CPU.Build.0 = Debug|Any CPU
		{6632D1AC-CA63-484E-BDA0-05F143EEB242}.Release|Any CPU.ActiveCfg = Release|Any CPU
		{6632D1AC-CA63-484E-BDA0-05F143EEB242}.Release|Any CPU.Build.0 = Release|Any CPU
		{34A7B3AE-5110-4305-A6CF-815E9D98C017}.Debug|Any CPU.ActiveCfg = Debug|Any CPU
		{34A7B3AE-5110-4305-A6CF-815E9D98C017}.Debug|Any CPU.Build.0 = Debug|Any CPU
		{34A7B3AE-5110-4305-A6CF-815E9D98C017}.Release|Any CPU.ActiveCfg = Release|Any CPU
		{34A7B3AE-5110-4305-A6CF-815E9D98C017}.Release|Any CPU.Build.0 = Release|Any CPU
		{1AC06AD0-0262-4458-B02A-DA9024F2B3E2}.Debug|Any CPU.ActiveCfg = Debug|Any CPU
		{1AC06AD0-0262-4458-B02A-DA9024F2B3E2}.Debug|Any CPU.Build.0 = Debug|Any CPU
		{1AC06AD0-0262-4458-B02A-DA9024F2B3E2}.Release|Any CPU.ActiveCfg = Release|Any CPU
		{1AC06AD0-0262-4458-B02A-DA9024F2B3E2}.Release|Any CPU.Build.0 = Release|Any CPU
		{6A90E772-99F0-431F-9132-72CA914382B5}.Debug|Any CPU.ActiveCfg = Debug|Any CPU
		{6A90E772-99F0-431F-9132-72CA914382B5}.Debug|Any CPU.Build.0 = Debug|Any CPU
		{6A90E772-99F0-431F-9132-72CA914382B5}.Release|Any CPU.ActiveCfg = Release|Any CPU
		{6A90E772-99F0-431F-9132-72CA914382B5}.Release|Any CPU.Build.0 = Release|Any CPU
		{55C9A0A7-7E78-44FA-92E7-1CD9F4CC80C4}.Debug|Any CPU.ActiveCfg = Debug|Any CPU
		{55C9A0A7-7E78-44FA-92E7-1CD9F4CC80C4}.Debug|Any CPU.Build.0 = Debug|Any CPU
		{55C9A0A7-7E78-44FA-92E7-1CD9F4CC80C4}.Release|Any CPU.ActiveCfg = Release|Any CPU
		{55C9A0A7-7E78-44FA-92E7-1CD9F4CC80C4}.Release|Any CPU.Build.0 = Release|Any CPU
		{837A3917-959F-49DC-BAD7-03BFA3F6F32D}.Debug|Any CPU.ActiveCfg = Debug|Any CPU
		{837A3917-959F-49DC-BAD7-03BFA3F6F32D}.Debug|Any CPU.Build.0 = Debug|Any CPU
		{837A3917-959F-49DC-BAD7-03BFA3F6F32D}.Release|Any CPU.ActiveCfg = Release|Any CPU
		{837A3917-959F-49DC-BAD7-03BFA3F6F32D}.Release|Any CPU.Build.0 = Release|Any CPU
		{6368C84E-9009-47F9-964E-F9B3B12F64C5}.Debug|Any CPU.ActiveCfg = Debug|Any CPU
		{6368C84E-9009-47F9-964E-F9B3B12F64C5}.Debug|Any CPU.Build.0 = Debug|Any CPU
		{6368C84E-9009-47F9-964E-F9B3B12F64C5}.Release|Any CPU.ActiveCfg = Release|Any CPU
		{6368C84E-9009-47F9-964E-F9B3B12F64C5}.Release|Any CPU.Build.0 = Release|Any CPU
		{DC29DA90-8A6E-48E1-BFD3-0527788B5498}.Debug|Any CPU.ActiveCfg = Debug|Any CPU
		{DC29DA90-8A6E-48E1-BFD3-0527788B5498}.Debug|Any CPU.Build.0 = Debug|Any CPU
		{DC29DA90-8A6E-48E1-BFD3-0527788B5498}.Release|Any CPU.ActiveCfg = Release|Any CPU
		{DC29DA90-8A6E-48E1-BFD3-0527788B5498}.Release|Any CPU.Build.0 = Release|Any CPU
		{CD584797-828B-4217-9581-40D9B8D8FDFA}.Debug|Any CPU.ActiveCfg = Debug|Any CPU
		{CD584797-828B-4217-9581-40D9B8D8FDFA}.Debug|Any CPU.Build.0 = Debug|Any CPU
		{CD584797-828B-4217-9581-40D9B8D8FDFA}.Release|Any CPU.ActiveCfg = Release|Any CPU
		{CD584797-828B-4217-9581-40D9B8D8FDFA}.Release|Any CPU.Build.0 = Release|Any CPU
		{ADAFF4C9-05D6-4E29-BD59-A134BCD68DBD}.Debug|Any CPU.ActiveCfg = Debug|Any CPU
		{ADAFF4C9-05D6-4E29-BD59-A134BCD68DBD}.Debug|Any CPU.Build.0 = Debug|Any CPU
		{ADAFF4C9-05D6-4E29-BD59-A134BCD68DBD}.Release|Any CPU.ActiveCfg = Release|Any CPU
		{ADAFF4C9-05D6-4E29-BD59-A134BCD68DBD}.Release|Any CPU.Build.0 = Release|Any CPU
		{C2F4CD54-6F64-4CDA-AD8E-F5EC9FBCE800}.Debug|Any CPU.ActiveCfg = Debug|Any CPU
		{C2F4CD54-6F64-4CDA-AD8E-F5EC9FBCE800}.Debug|Any CPU.Build.0 = Debug|Any CPU
		{C2F4CD54-6F64-4CDA-AD8E-F5EC9FBCE800}.Release|Any CPU.ActiveCfg = Release|Any CPU
		{C2F4CD54-6F64-4CDA-AD8E-F5EC9FBCE800}.Release|Any CPU.Build.0 = Release|Any CPU
		{FBFB55B2-4911-42A5-825D-F103E6016036}.Debug|Any CPU.ActiveCfg = Debug|Any CPU
		{FBFB55B2-4911-42A5-825D-F103E6016036}.Debug|Any CPU.Build.0 = Debug|Any CPU
		{FBFB55B2-4911-42A5-825D-F103E6016036}.Release|Any CPU.ActiveCfg = Release|Any CPU
		{FBFB55B2-4911-42A5-825D-F103E6016036}.Release|Any CPU.Build.0 = Release|Any CPU
		{CED62EC3-C199-4124-9A68-83D5349F5FDA}.Debug|Any CPU.ActiveCfg = Debug|Any CPU
		{CED62EC3-C199-4124-9A68-83D5349F5FDA}.Debug|Any CPU.Build.0 = Debug|Any CPU
		{CED62EC3-C199-4124-9A68-83D5349F5FDA}.Release|Any CPU.ActiveCfg = Release|Any CPU
		{CED62EC3-C199-4124-9A68-83D5349F5FDA}.Release|Any CPU.Build.0 = Release|Any CPU
		{4719104E-93C8-47B9-B78C-E8E040E945E1}.Debug|Any CPU.ActiveCfg = Debug|Any CPU
		{4719104E-93C8-47B9-B78C-E8E040E945E1}.Debug|Any CPU.Build.0 = Debug|Any CPU
		{4719104E-93C8-47B9-B78C-E8E040E945E1}.Release|Any CPU.ActiveCfg = Release|Any CPU
		{4719104E-93C8-47B9-B78C-E8E040E945E1}.Release|Any CPU.Build.0 = Release|Any CPU
		{412E304B-3601-4C3D-BA14-5670EFC836AD}.Debug|Any CPU.ActiveCfg = Debug|Any CPU
		{412E304B-3601-4C3D-BA14-5670EFC836AD}.Debug|Any CPU.Build.0 = Debug|Any CPU
		{412E304B-3601-4C3D-BA14-5670EFC836AD}.Release|Any CPU.ActiveCfg = Release|Any CPU
		{412E304B-3601-4C3D-BA14-5670EFC836AD}.Release|Any CPU.Build.0 = Release|Any CPU
		{DC585A8C-A3E9-43D3-9592-F4685B16759B}.Debug|Any CPU.ActiveCfg = Debug|Any CPU
		{DC585A8C-A3E9-43D3-9592-F4685B16759B}.Debug|Any CPU.Build.0 = Debug|Any CPU
		{DC585A8C-A3E9-43D3-9592-F4685B16759B}.Release|Any CPU.ActiveCfg = Release|Any CPU
		{DC585A8C-A3E9-43D3-9592-F4685B16759B}.Release|Any CPU.Build.0 = Release|Any CPU
		{ACD0EFA6-8E0A-47E2-82DF-362AB75B2672}.Debug|Any CPU.ActiveCfg = Debug|Any CPU
		{ACD0EFA6-8E0A-47E2-82DF-362AB75B2672}.Debug|Any CPU.Build.0 = Debug|Any CPU
		{ACD0EFA6-8E0A-47E2-82DF-362AB75B2672}.Release|Any CPU.ActiveCfg = Release|Any CPU
		{ACD0EFA6-8E0A-47E2-82DF-362AB75B2672}.Release|Any CPU.Build.0 = Release|Any CPU
		{607ED118-46B5-4275-A82C-B77A52A58244}.Debug|Any CPU.ActiveCfg = Debug|Any CPU
		{607ED118-46B5-4275-A82C-B77A52A58244}.Debug|Any CPU.Build.0 = Debug|Any CPU
		{607ED118-46B5-4275-A82C-B77A52A58244}.Release|Any CPU.ActiveCfg = Release|Any CPU
		{607ED118-46B5-4275-A82C-B77A52A58244}.Release|Any CPU.Build.0 = Release|Any CPU
		{F381480D-22A9-4803-A462-35EAE3631430}.Debug|Any CPU.ActiveCfg = Debug|Any CPU
		{F381480D-22A9-4803-A462-35EAE3631430}.Debug|Any CPU.Build.0 = Debug|Any CPU
		{F381480D-22A9-4803-A462-35EAE3631430}.Release|Any CPU.ActiveCfg = Release|Any CPU
		{F381480D-22A9-4803-A462-35EAE3631430}.Release|Any CPU.Build.0 = Release|Any CPU
		{B1B61018-BEBE-4ECC-85D3-5D4F2F603A5E}.Debug|Any CPU.ActiveCfg = Debug|Any CPU
		{B1B61018-BEBE-4ECC-85D3-5D4F2F603A5E}.Debug|Any CPU.Build.0 = Debug|Any CPU
		{B1B61018-BEBE-4ECC-85D3-5D4F2F603A5E}.Release|Any CPU.ActiveCfg = Release|Any CPU
		{B1B61018-BEBE-4ECC-85D3-5D4F2F603A5E}.Release|Any CPU.Build.0 = Release|Any CPU
		{82D0EB29-6FD0-4D87-80B0-9071C375EFD8}.Debug|Any CPU.ActiveCfg = Debug|Any CPU
		{82D0EB29-6FD0-4D87-80B0-9071C375EFD8}.Debug|Any CPU.Build.0 = Debug|Any CPU
		{82D0EB29-6FD0-4D87-80B0-9071C375EFD8}.Release|Any CPU.ActiveCfg = Release|Any CPU
		{82D0EB29-6FD0-4D87-80B0-9071C375EFD8}.Release|Any CPU.Build.0 = Release|Any CPU
		{BEC66FC1-7D56-498F-BBCF-093B7A9A09CE}.Debug|Any CPU.ActiveCfg = Debug|Any CPU
		{BEC66FC1-7D56-498F-BBCF-093B7A9A09CE}.Debug|Any CPU.Build.0 = Debug|Any CPU
		{BEC66FC1-7D56-498F-BBCF-093B7A9A09CE}.Release|Any CPU.ActiveCfg = Release|Any CPU
		{BEC66FC1-7D56-498F-BBCF-093B7A9A09CE}.Release|Any CPU.Build.0 = Release|Any CPU
		{56D2A190-5CBE-4DEF-8ED1-69A4C16A604D}.Debug|Any CPU.ActiveCfg = Debug|Any CPU
		{56D2A190-5CBE-4DEF-8ED1-69A4C16A604D}.Debug|Any CPU.Build.0 = Debug|Any CPU
		{56D2A190-5CBE-4DEF-8ED1-69A4C16A604D}.Release|Any CPU.ActiveCfg = Release|Any CPU
		{56D2A190-5CBE-4DEF-8ED1-69A4C16A604D}.Release|Any CPU.Build.0 = Release|Any CPU
		{22F08D1A-C8F6-418A-B57D-8CBA93AD39ED}.Debug|Any CPU.ActiveCfg = Debug|Any CPU
		{22F08D1A-C8F6-418A-B57D-8CBA93AD39ED}.Debug|Any CPU.Build.0 = Debug|Any CPU
		{22F08D1A-C8F6-418A-B57D-8CBA93AD39ED}.Release|Any CPU.ActiveCfg = Release|Any CPU
		{22F08D1A-C8F6-418A-B57D-8CBA93AD39ED}.Release|Any CPU.Build.0 = Release|Any CPU
		{329EB0AF-90EE-46BA-A62E-8B714589B1FE}.Debug|Any CPU.ActiveCfg = Debug|Any CPU
		{329EB0AF-90EE-46BA-A62E-8B714589B1FE}.Debug|Any CPU.Build.0 = Debug|Any CPU
		{329EB0AF-90EE-46BA-A62E-8B714589B1FE}.Release|Any CPU.ActiveCfg = Release|Any CPU
		{329EB0AF-90EE-46BA-A62E-8B714589B1FE}.Release|Any CPU.Build.0 = Release|Any CPU
		{B57EAA40-5B7E-4390-8B0C-2A4C4E92BC98}.Debug|Any CPU.ActiveCfg = Debug|Any CPU
		{B57EAA40-5B7E-4390-8B0C-2A4C4E92BC98}.Debug|Any CPU.Build.0 = Debug|Any CPU
		{B57EAA40-5B7E-4390-8B0C-2A4C4E92BC98}.Release|Any CPU.ActiveCfg = Release|Any CPU
		{B57EAA40-5B7E-4390-8B0C-2A4C4E92BC98}.Release|Any CPU.Build.0 = Release|Any CPU
		{6739FCB8-4C55-4143-A834-A89079DEE8C3}.Debug|Any CPU.ActiveCfg = Debug|Any CPU
		{6739FCB8-4C55-4143-A834-A89079DEE8C3}.Debug|Any CPU.Build.0 = Debug|Any CPU
		{6739FCB8-4C55-4143-A834-A89079DEE8C3}.Release|Any CPU.ActiveCfg = Release|Any CPU
		{6739FCB8-4C55-4143-A834-A89079DEE8C3}.Release|Any CPU.Build.0 = Release|Any CPU
		{59DAFEE8-A0ED-46ED-A2EF-F9A5DF48C323}.Debug|Any CPU.ActiveCfg = Debug|Any CPU
		{59DAFEE8-A0ED-46ED-A2EF-F9A5DF48C323}.Debug|Any CPU.Build.0 = Debug|Any CPU
		{59DAFEE8-A0ED-46ED-A2EF-F9A5DF48C323}.Release|Any CPU.ActiveCfg = Release|Any CPU
		{59DAFEE8-A0ED-46ED-A2EF-F9A5DF48C323}.Release|Any CPU.Build.0 = Release|Any CPU
		{B7B5AF96-4D31-4C24-A394-FCBD6C4CEA38}.Debug|Any CPU.ActiveCfg = Debug|Any CPU
		{B7B5AF96-4D31-4C24-A394-FCBD6C4CEA38}.Debug|Any CPU.Build.0 = Debug|Any CPU
		{B7B5AF96-4D31-4C24-A394-FCBD6C4CEA38}.Release|Any CPU.ActiveCfg = Release|Any CPU
		{B7B5AF96-4D31-4C24-A394-FCBD6C4CEA38}.Release|Any CPU.Build.0 = Release|Any CPU
		{6258FE9C-5A8A-43E3-9AC8-CBF31003CD57}.Debug|Any CPU.ActiveCfg = Debug|Any CPU
		{6258FE9C-5A8A-43E3-9AC8-CBF31003CD57}.Debug|Any CPU.Build.0 = Debug|Any CPU
		{6258FE9C-5A8A-43E3-9AC8-CBF31003CD57}.Release|Any CPU.ActiveCfg = Release|Any CPU
		{6258FE9C-5A8A-43E3-9AC8-CBF31003CD57}.Release|Any CPU.Build.0 = Release|Any CPU
		{C189483B-9CEB-4021-807B-2B3662E94A4E}.Debug|Any CPU.ActiveCfg = Debug|Any CPU
		{C189483B-9CEB-4021-807B-2B3662E94A4E}.Debug|Any CPU.Build.0 = Debug|Any CPU
		{C189483B-9CEB-4021-807B-2B3662E94A4E}.Release|Any CPU.ActiveCfg = Release|Any CPU
		{C189483B-9CEB-4021-807B-2B3662E94A4E}.Release|Any CPU.Build.0 = Release|Any CPU
		{E85AA6D7-334B-4C46-AC03-E56DEDBDF299}.Debug|Any CPU.ActiveCfg = Debug|Any CPU
		{E85AA6D7-334B-4C46-AC03-E56DEDBDF299}.Debug|Any CPU.Build.0 = Debug|Any CPU
		{E85AA6D7-334B-4C46-AC03-E56DEDBDF299}.Release|Any CPU.ActiveCfg = Release|Any CPU
		{E85AA6D7-334B-4C46-AC03-E56DEDBDF299}.Release|Any CPU.Build.0 = Release|Any CPU
		{0B42967E-7C9C-4A9B-94F8-FAB447EE51FA}.Debug|Any CPU.ActiveCfg = Debug|Any CPU
		{0B42967E-7C9C-4A9B-94F8-FAB447EE51FA}.Debug|Any CPU.Build.0 = Debug|Any CPU
		{0B42967E-7C9C-4A9B-94F8-FAB447EE51FA}.Release|Any CPU.ActiveCfg = Release|Any CPU
		{0B42967E-7C9C-4A9B-94F8-FAB447EE51FA}.Release|Any CPU.Build.0 = Release|Any CPU
		{A2D2F66B-EBE5-46CA-B157-554E34EF2EA9}.Debug|Any CPU.ActiveCfg = Debug|Any CPU
		{A2D2F66B-EBE5-46CA-B157-554E34EF2EA9}.Debug|Any CPU.Build.0 = Debug|Any CPU
		{A2D2F66B-EBE5-46CA-B157-554E34EF2EA9}.Release|Any CPU.ActiveCfg = Release|Any CPU
		{A2D2F66B-EBE5-46CA-B157-554E34EF2EA9}.Release|Any CPU.Build.0 = Release|Any CPU
		{6F23458F-8E36-4602-8FFC-27F17C942B3B}.Debug|Any CPU.ActiveCfg = Debug|Any CPU
		{6F23458F-8E36-4602-8FFC-27F17C942B3B}.Debug|Any CPU.Build.0 = Debug|Any CPU
		{6F23458F-8E36-4602-8FFC-27F17C942B3B}.Release|Any CPU.ActiveCfg = Release|Any CPU
		{6F23458F-8E36-4602-8FFC-27F17C942B3B}.Release|Any CPU.Build.0 = Release|Any CPU
	EndGlobalSection
	GlobalSection(NestedProjects) = preSolution
		{22F08D1A-C8F6-418A-B57D-8CBA93AD39ED} = {6153E8EB-C48C-44C2-8B7B-6D94DFD338B6}
		{329EB0AF-90EE-46BA-A62E-8B714589B1FE} = {6153E8EB-C48C-44C2-8B7B-6D94DFD338B6}
		{B57EAA40-5B7E-4390-8B0C-2A4C4E92BC98} = {6153E8EB-C48C-44C2-8B7B-6D94DFD338B6}
		{6739FCB8-4C55-4143-A834-A89079DEE8C3} = {6153E8EB-C48C-44C2-8B7B-6D94DFD338B6}
		{59DAFEE8-A0ED-46ED-A2EF-F9A5DF48C323} = {6153E8EB-C48C-44C2-8B7B-6D94DFD338B6}
		{B7B5AF96-4D31-4C24-A394-FCBD6C4CEA38} = {6153E8EB-C48C-44C2-8B7B-6D94DFD338B6}
		{6258FE9C-5A8A-43E3-9AC8-CBF31003CD57} = {6153E8EB-C48C-44C2-8B7B-6D94DFD338B6}
	EndGlobalSection
EndGlobal
